// !$*UTF8*$!
{
	archiveVersion = 1;
	classes = {
	};
	objectVersion = 46;
	objects = {

/* Begin PBXBuildFile section */
		3232A00D1F2EA0B700EA1FD4 /* AppDelegate.swift in Sources */ = {isa = PBXBuildFile; fileRef = 3232A00C1F2EA0B700EA1FD4 /* AppDelegate.swift */; };
		3232A00F1F2EA0B700EA1FD4 /* ViewController.swift in Sources */ = {isa = PBXBuildFile; fileRef = 3232A00E1F2EA0B700EA1FD4 /* ViewController.swift */; };
		3232A0121F2EA0B700EA1FD4 /* Main.storyboard in Resources */ = {isa = PBXBuildFile; fileRef = 3232A0101F2EA0B700EA1FD4 /* Main.storyboard */; };
		3232A0151F2EA0B700EA1FD4 /* Eshara2.xcdatamodeld in Sources */ = {isa = PBXBuildFile; fileRef = 3232A0131F2EA0B700EA1FD4 /* Eshara2.xcdatamodeld */; };
		3232A0171F2EA0B800EA1FD4 /* Assets.xcassets in Resources */ = {isa = PBXBuildFile; fileRef = 3232A0161F2EA0B800EA1FD4 /* Assets.xcassets */; };
		3232A01A1F2EA0B800EA1FD4 /* LaunchScreen.storyboard in Resources */ = {isa = PBXBuildFile; fileRef = 3232A0181F2EA0B800EA1FD4 /* LaunchScreen.storyboard */; };
		3232A0251F2EA0B800EA1FD4 /* Eshara2Tests.swift in Sources */ = {isa = PBXBuildFile; fileRef = 3232A0241F2EA0B800EA1FD4 /* Eshara2Tests.swift */; };
		3232A0301F2EA0B800EA1FD4 /* Eshara2UITests.swift in Sources */ = {isa = PBXBuildFile; fileRef = 3232A02F1F2EA0B800EA1FD4 /* Eshara2UITests.swift */; };
/* End PBXBuildFile section */

/* Begin PBXContainerItemProxy section */
		3232A0211F2EA0B800EA1FD4 /* PBXContainerItemProxy */ = {
			isa = PBXContainerItemProxy;
			containerPortal = 3232A0011F2EA0B700EA1FD4 /* Project object */;
			proxyType = 1;
			remoteGlobalIDString = 3232A0081F2EA0B700EA1FD4;
			remoteInfo = Eshara2;
		};
		3232A02C1F2EA0B800EA1FD4 /* PBXContainerItemProxy */ = {
			isa = PBXContainerItemProxy;
			containerPortal = 3232A0011F2EA0B700EA1FD4 /* Project object */;
			proxyType = 1;
			remoteGlobalIDString = 3232A0081F2EA0B700EA1FD4;
			remoteInfo = Eshara2;
		};
/* End PBXContainerItemProxy section */

/* Begin PBXFileReference section */
		3232A0091F2EA0B700EA1FD4 /* Eshara2.app */ = {isa = PBXFileReference; explicitFileType = wrapper.application; includeInIndex = 0; path = Eshara2.app; sourceTree = BUILT_PRODUCTS_DIR; };
		3232A00C1F2EA0B700EA1FD4 /* AppDelegate.swift */ = {isa = PBXFileReference; lastKnownFileType = sourcecode.swift; path = AppDelegate.swift; sourceTree = "<group>"; };
		3232A00E1F2EA0B700EA1FD4 /* ViewController.swift */ = {isa = PBXFileReference; lastKnownFileType = sourcecode.swift; path = ViewController.swift; sourceTree = "<group>"; };
		3232A0111F2EA0B700EA1FD4 /* Base */ = {isa = PBXFileReference; lastKnownFileType = file.storyboard; name = Base; path = Base.lproj/Main.storyboard; sourceTree = "<group>"; };
		3232A0141F2EA0B700EA1FD4 /* Eshara2.xcdatamodel */ = {isa = PBXFileReference; lastKnownFileType = wrapper.xcdatamodel; path = Eshara2.xcdatamodel; sourceTree = "<group>"; };
		3232A0161F2EA0B800EA1FD4 /* Assets.xcassets */ = {isa = PBXFileReference; lastKnownFileType = folder.assetcatalog; path = Assets.xcassets; sourceTree = "<group>"; };
		3232A0191F2EA0B800EA1FD4 /* Base */ = {isa = PBXFileReference; lastKnownFileType = file.storyboard; name = Base; path = Base.lproj/LaunchScreen.storyboard; sourceTree = "<group>"; };
		3232A01B1F2EA0B800EA1FD4 /* Info.plist */ = {isa = PBXFileReference; lastKnownFileType = text.plist.xml; path = Info.plist; sourceTree = "<group>"; };
		3232A0201F2EA0B800EA1FD4 /* Eshara2Tests.xctest */ = {isa = PBXFileReference; explicitFileType = wrapper.cfbundle; includeInIndex = 0; path = Eshara2Tests.xctest; sourceTree = BUILT_PRODUCTS_DIR; };
		3232A0241F2EA0B800EA1FD4 /* Eshara2Tests.swift */ = {isa = PBXFileReference; lastKnownFileType = sourcecode.swift; path = Eshara2Tests.swift; sourceTree = "<group>"; };
		3232A0261F2EA0B800EA1FD4 /* Info.plist */ = {isa = PBXFileReference; lastKnownFileType = text.plist.xml; path = Info.plist; sourceTree = "<group>"; };
		3232A02B1F2EA0B800EA1FD4 /* Eshara2UITests.xctest */ = {isa = PBXFileReference; explicitFileType = wrapper.cfbundle; includeInIndex = 0; path = Eshara2UITests.xctest; sourceTree = BUILT_PRODUCTS_DIR; };
		3232A02F1F2EA0B800EA1FD4 /* Eshara2UITests.swift */ = {isa = PBXFileReference; lastKnownFileType = sourcecode.swift; path = Eshara2UITests.swift; sourceTree = "<group>"; };
		3232A0311F2EA0B800EA1FD4 /* Info.plist */ = {isa = PBXFileReference; lastKnownFileType = text.plist.xml; path = Info.plist; sourceTree = "<group>"; };
/* End PBXFileReference section */

/* Begin PBXFrameworksBuildPhase section */
		3232A0061F2EA0B700EA1FD4 /* Frameworks */ = {
			isa = PBXFrameworksBuildPhase;
			buildActionMask = 2147483647;
			files = (
			);
			runOnlyForDeploymentPostprocessing = 0;
		};
		3232A01D1F2EA0B800EA1FD4 /* Frameworks */ = {
			isa = PBXFrameworksBuildPhase;
			buildActionMask = 2147483647;
			files = (
			);
			runOnlyForDeploymentPostprocessing = 0;
		};
		3232A0281F2EA0B800EA1FD4 /* Frameworks */ = {
			isa = PBXFrameworksBuildPhase;
			buildActionMask = 2147483647;
			files = (
			);
			runOnlyForDeploymentPostprocessing = 0;
		};
/* End PBXFrameworksBuildPhase section */

/* Begin PBXGroup section */
		3232A0001F2EA0B700EA1FD4 = {
			isa = PBXGroup;
			children = (
				3232A00B1F2EA0B700EA1FD4 /* Eshara2 */,
				3232A0231F2EA0B800EA1FD4 /* Eshara2Tests */,
				3232A02E1F2EA0B800EA1FD4 /* Eshara2UITests */,
				3232A00A1F2EA0B700EA1FD4 /* Products */,
			);
			sourceTree = "<group>";
		};
		3232A00A1F2EA0B700EA1FD4 /* Products */ = {
			isa = PBXGroup;
			children = (
				3232A0091F2EA0B700EA1FD4 /* Eshara2.app */,
				3232A0201F2EA0B800EA1FD4 /* Eshara2Tests.xctest */,
				3232A02B1F2EA0B800EA1FD4 /* Eshara2UITests.xctest */,
			);
			name = Products;
			sourceTree = "<group>";
		};
		3232A00B1F2EA0B700EA1FD4 /* Eshara2 */ = {
			isa = PBXGroup;
			children = (
				3232A00C1F2EA0B700EA1FD4 /* AppDelegate.swift */,
				3232A00E1F2EA0B700EA1FD4 /* ViewController.swift */,
				3232A0101F2EA0B700EA1FD4 /* Main.storyboard */,
				3232A0161F2EA0B800EA1FD4 /* Assets.xcassets */,
				3232A0181F2EA0B800EA1FD4 /* LaunchScreen.storyboard */,
				3232A01B1F2EA0B800EA1FD4 /* Info.plist */,
				3232A0131F2EA0B700EA1FD4 /* Eshara2.xcdatamodeld */,
			);
			path = Eshara2;
			sourceTree = "<group>";
		};
		3232A0231F2EA0B800EA1FD4 /* Eshara2Tests */ = {
			isa = PBXGroup;
			children = (
				3232A0241F2EA0B800EA1FD4 /* Eshara2Tests.swift */,
				3232A0261F2EA0B800EA1FD4 /* Info.plist */,
			);
			path = Eshara2Tests;
			sourceTree = "<group>";
		};
		3232A02E1F2EA0B800EA1FD4 /* Eshara2UITests */ = {
			isa = PBXGroup;
			children = (
				3232A02F1F2EA0B800EA1FD4 /* Eshara2UITests.swift */,
				3232A0311F2EA0B800EA1FD4 /* Info.plist */,
			);
			path = Eshara2UITests;
			sourceTree = "<group>";
		};
/* End PBXGroup section */

/* Begin PBXNativeTarget section */
		3232A0081F2EA0B700EA1FD4 /* Eshara2 */ = {
			isa = PBXNativeTarget;
			buildConfigurationList = 3232A0341F2EA0B800EA1FD4 /* Build configuration list for PBXNativeTarget "Eshara2" */;
			buildPhases = (
				3232A0051F2EA0B700EA1FD4 /* Sources */,
				3232A0061F2EA0B700EA1FD4 /* Frameworks */,
				3232A0071F2EA0B700EA1FD4 /* Resources */,
			);
			buildRules = (
			);
			dependencies = (
			);
			name = Eshara2;
			productName = Eshara2;
			productReference = 3232A0091F2EA0B700EA1FD4 /* Eshara2.app */;
			productType = "com.apple.product-type.application";
		};
		3232A01F1F2EA0B800EA1FD4 /* Eshara2Tests */ = {
			isa = PBXNativeTarget;
			buildConfigurationList = 3232A0371F2EA0B800EA1FD4 /* Build configuration list for PBXNativeTarget "Eshara2Tests" */;
			buildPhases = (
				3232A01C1F2EA0B800EA1FD4 /* Sources */,
				3232A01D1F2EA0B800EA1FD4 /* Frameworks */,
				3232A01E1F2EA0B800EA1FD4 /* Resources */,
			);
			buildRules = (
			);
			dependencies = (
				3232A0221F2EA0B800EA1FD4 /* PBXTargetDependency */,
			);
			name = Eshara2Tests;
			productName = Eshara2Tests;
			productReference = 3232A0201F2EA0B800EA1FD4 /* Eshara2Tests.xctest */;
			productType = "com.apple.product-type.bundle.unit-test";
		};
		3232A02A1F2EA0B800EA1FD4 /* Eshara2UITests */ = {
			isa = PBXNativeTarget;
			buildConfigurationList = 3232A03A1F2EA0B800EA1FD4 /* Build configuration list for PBXNativeTarget "Eshara2UITests" */;
			buildPhases = (
				3232A0271F2EA0B800EA1FD4 /* Sources */,
				3232A0281F2EA0B800EA1FD4 /* Frameworks */,
				3232A0291F2EA0B800EA1FD4 /* Resources */,
			);
			buildRules = (
			);
			dependencies = (
				3232A02D1F2EA0B800EA1FD4 /* PBXTargetDependency */,
			);
			name = Eshara2UITests;
			productName = Eshara2UITests;
			productReference = 3232A02B1F2EA0B800EA1FD4 /* Eshara2UITests.xctest */;
			productType = "com.apple.product-type.bundle.ui-testing";
		};
/* End PBXNativeTarget section */

/* Begin PBXProject section */
		3232A0011F2EA0B700EA1FD4 /* Project object */ = {
			isa = PBXProject;
			attributes = {
				LastSwiftUpdateCheck = 0830;
				LastUpgradeCheck = 0830;
				ORGANIZATIONNAME = "Tamara Nagui";
				TargetAttributes = {
					3232A0081F2EA0B700EA1FD4 = {
						CreatedOnToolsVersion = 8.3.3;
						DevelopmentTeam = 5825K998Y5;
						ProvisioningStyle = Automatic;
					};
					3232A01F1F2EA0B800EA1FD4 = {
						CreatedOnToolsVersion = 8.3.3;
						DevelopmentTeam = 5825K998Y5;
						ProvisioningStyle = Automatic;
						TestTargetID = 3232A0081F2EA0B700EA1FD4;
					};
					3232A02A1F2EA0B800EA1FD4 = {
						CreatedOnToolsVersion = 8.3.3;
						DevelopmentTeam = 5825K998Y5;
						ProvisioningStyle = Automatic;
						TestTargetID = 3232A0081F2EA0B700EA1FD4;
					};
				};
			};
			buildConfigurationList = 3232A0041F2EA0B700EA1FD4 /* Build configuration list for PBXProject "Eshara2" */;
			compatibilityVersion = "Xcode 3.2";
			developmentRegion = English;
			hasScannedForEncodings = 0;
			knownRegions = (
				en,
				Base,
			);
			mainGroup = 3232A0001F2EA0B700EA1FD4;
			productRefGroup = 3232A00A1F2EA0B700EA1FD4 /* Products */;
			projectDirPath = "";
			projectRoot = "";
			targets = (
				3232A0081F2EA0B700EA1FD4 /* Eshara2 */,
				3232A01F1F2EA0B800EA1FD4 /* Eshara2Tests */,
				3232A02A1F2EA0B800EA1FD4 /* Eshara2UITests */,
			);
		};
/* End PBXProject section */

/* Begin PBXResourcesBuildPhase section */
		3232A0071F2EA0B700EA1FD4 /* Resources */ = {
			isa = PBXResourcesBuildPhase;
			buildActionMask = 2147483647;
			files = (
				3232A01A1F2EA0B800EA1FD4 /* LaunchScreen.storyboard in Resources */,
				3232A0171F2EA0B800EA1FD4 /* Assets.xcassets in Resources */,
				3232A0121F2EA0B700EA1FD4 /* Main.storyboard in Resources */,
			);
			runOnlyForDeploymentPostprocessing = 0;
		};
		3232A01E1F2EA0B800EA1FD4 /* Resources */ = {
			isa = PBXResourcesBuildPhase;
			buildActionMask = 2147483647;
			files = (
			);
			runOnlyForDeploymentPostprocessing = 0;
		};
		3232A0291F2EA0B800EA1FD4 /* Resources */ = {
			isa = PBXResourcesBuildPhase;
			buildActionMask = 2147483647;
			files = (
			);
			runOnlyForDeploymentPostprocessing = 0;
		};
/* End PBXResourcesBuildPhase section */

/* Begin PBXSourcesBuildPhase section */
		3232A0051F2EA0B700EA1FD4 /* Sources */ = {
			isa = PBXSourcesBuildPhase;
			buildActionMask = 2147483647;
			files = (
				3232A00F1F2EA0B700EA1FD4 /* ViewController.swift in Sources */,
				3232A0151F2EA0B700EA1FD4 /* Eshara2.xcdatamodeld in Sources */,
				3232A00D1F2EA0B700EA1FD4 /* AppDelegate.swift in Sources */,
			);
			runOnlyForDeploymentPostprocessing = 0;
		};
		3232A01C1F2EA0B800EA1FD4 /* Sources */ = {
			isa = PBXSourcesBuildPhase;
			buildActionMask = 2147483647;
			files = (
				3232A0251F2EA0B800EA1FD4 /* Eshara2Tests.swift in Sources */,
			);
			runOnlyForDeploymentPostprocessing = 0;
		};
		3232A0271F2EA0B800EA1FD4 /* Sources */ = {
			isa = PBXSourcesBuildPhase;
			buildActionMask = 2147483647;
			files = (
				3232A0301F2EA0B800EA1FD4 /* Eshara2UITests.swift in Sources */,
			);
			runOnlyForDeploymentPostprocessing = 0;
		};
/* End PBXSourcesBuildPhase section */

/* Begin PBXTargetDependency section */
		3232A0221F2EA0B800EA1FD4 /* PBXTargetDependency */ = {
			isa = PBXTargetDependency;
			target = 3232A0081F2EA0B700EA1FD4 /* Eshara2 */;
			targetProxy = 3232A0211F2EA0B800EA1FD4 /* PBXContainerItemProxy */;
		};
		3232A02D1F2EA0B800EA1FD4 /* PBXTargetDependency */ = {
			isa = PBXTargetDependency;
			target = 3232A0081F2EA0B700EA1FD4 /* Eshara2 */;
			targetProxy = 3232A02C1F2EA0B800EA1FD4 /* PBXContainerItemProxy */;
		};
/* End PBXTargetDependency section */

/* Begin PBXVariantGroup section */
		3232A0101F2EA0B700EA1FD4 /* Main.storyboard */ = {
			isa = PBXVariantGroup;
			children = (
				3232A0111F2EA0B700EA1FD4 /* Base */,
			);
			name = Main.storyboard;
			sourceTree = "<group>";
		};
		3232A0181F2EA0B800EA1FD4 /* LaunchScreen.storyboard */ = {
			isa = PBXVariantGroup;
			children = (
				3232A0191F2EA0B800EA1FD4 /* Base */,
			);
			name = LaunchScreen.storyboard;
			sourceTree = "<group>";
		};
/* End PBXVariantGroup section */

/* Begin XCBuildConfiguration section */
		3232A0321F2EA0B800EA1FD4 /* Debug */ = {
			isa = XCBuildConfiguration;
			buildSettings = {
				ALWAYS_SEARCH_USER_PATHS = NO;
				CLANG_ANALYZER_NONNULL = YES;
				CLANG_ANALYZER_NUMBER_OBJECT_CONVERSION = YES_AGGRESSIVE;
				CLANG_CXX_LANGUAGE_STANDARD = "gnu++0x";
				CLANG_CXX_LIBRARY = "libc++";
				CLANG_ENABLE_MODULES = YES;
				CLANG_ENABLE_OBJC_ARC = YES;
				CLANG_WARN_BOOL_CONVERSION = YES;
				CLANG_WARN_CONSTANT_CONVERSION = YES;
				CLANG_WARN_DIRECT_OBJC_ISA_USAGE = YES_ERROR;
				CLANG_WARN_DOCUMENTATION_COMMENTS = YES;
				CLANG_WARN_EMPTY_BODY = YES;
				CLANG_WARN_ENUM_CONVERSION = YES;
				CLANG_WARN_INFINITE_RECURSION = YES;
				CLANG_WARN_INT_CONVERSION = YES;
				CLANG_WARN_OBJC_ROOT_CLASS = YES_ERROR;
				CLANG_WARN_SUSPICIOUS_MOVE = YES;
				CLANG_WARN_UNREACHABLE_CODE = YES;
				CLANG_WARN__DUPLICATE_METHOD_MATCH = YES;
				"CODE_SIGN_IDENTITY[sdk=iphoneos*]" = "iPhone Developer";
				COPY_PHASE_STRIP = NO;
				DEBUG_INFORMATION_FORMAT = dwarf;
				ENABLE_STRICT_OBJC_MSGSEND = YES;
				ENABLE_TESTABILITY = YES;
				GCC_C_LANGUAGE_STANDARD = gnu99;
				GCC_DYNAMIC_NO_PIC = NO;
				GCC_NO_COMMON_BLOCKS = YES;
				GCC_OPTIMIZATION_LEVEL = 0;
				GCC_PREPROCESSOR_DEFINITIONS = (
					"DEBUG=1",
					"$(inherited)",
				);
				GCC_WARN_64_TO_32_BIT_CONVERSION = YES;
				GCC_WARN_ABOUT_RETURN_TYPE = YES_ERROR;
				GCC_WARN_UNDECLARED_SELECTOR = YES;
				GCC_WARN_UNINITIALIZED_AUTOS = YES_AGGRESSIVE;
				GCC_WARN_UNUSED_FUNCTION = YES;
				GCC_WARN_UNUSED_VARIABLE = YES;
				IPHONEOS_DEPLOYMENT_TARGET = 10.3;
				MTL_ENABLE_DEBUG_INFO = YES;
				ONLY_ACTIVE_ARCH = YES;
				SDKROOT = iphoneos;
				SWIFT_ACTIVE_COMPILATION_CONDITIONS = DEBUG;
				SWIFT_OPTIMIZATION_LEVEL = "-Onone";
			};
			name = Debug;
		};
		3232A0331F2EA0B800EA1FD4 /* Release */ = {
			isa = XCBuildConfiguration;
			buildSettings = {
				ALWAYS_SEARCH_USER_PATHS = NO;
				CLANG_ANALYZER_NONNULL = YES;
				CLANG_ANALYZER_NUMBER_OBJECT_CONVERSION = YES_AGGRESSIVE;
				CLANG_CXX_LANGUAGE_STANDARD = "gnu++0x";
				CLANG_CXX_LIBRARY = "libc++";
				CLANG_ENABLE_MODULES = YES;
				CLANG_ENABLE_OBJC_ARC = YES;
				CLANG_WARN_BOOL_CONVERSION = YES;
				CLANG_WARN_CONSTANT_CONVERSION = YES;
				CLANG_WARN_DIRECT_OBJC_ISA_USAGE = YES_ERROR;
				CLANG_WARN_DOCUMENTATION_COMMENTS = YES;
				CLANG_WARN_EMPTY_BODY = YES;
				CLANG_WARN_ENUM_CONVERSION = YES;
				CLANG_WARN_INFINITE_RECURSION = YES;
				CLANG_WARN_INT_CONVERSION = YES;
				CLANG_WARN_OBJC_ROOT_CLASS = YES_ERROR;
				CLANG_WARN_SUSPICIOUS_MOVE = YES;
				CLANG_WARN_UNREACHABLE_CODE = YES;
				CLANG_WARN__DUPLICATE_METHOD_MATCH = YES;
				"CODE_SIGN_IDENTITY[sdk=iphoneos*]" = "iPhone Developer";
				COPY_PHASE_STRIP = NO;
				DEBUG_INFORMATION_FORMAT = "dwarf-with-dsym";
				ENABLE_NS_ASSERTIONS = NO;
				ENABLE_STRICT_OBJC_MSGSEND = YES;
				GCC_C_LANGUAGE_STANDARD = gnu99;
				GCC_NO_COMMON_BLOCKS = YES;
				GCC_WARN_64_TO_32_BIT_CONVERSION = YES;
				GCC_WARN_ABOUT_RETURN_TYPE = YES_ERROR;
				GCC_WARN_UNDECLARED_SELECTOR = YES;
				GCC_WARN_UNINITIALIZED_AUTOS = YES_AGGRESSIVE;
				GCC_WARN_UNUSED_FUNCTION = YES;
				GCC_WARN_UNUSED_VARIABLE = YES;
				IPHONEOS_DEPLOYMENT_TARGET = 10.3;
				MTL_ENABLE_DEBUG_INFO = NO;
				SDKROOT = iphoneos;
				SWIFT_OPTIMIZATION_LEVEL = "-Owholemodule";
				VALIDATE_PRODUCT = YES;
			};
			name = Release;
		};
		3232A0351F2EA0B800EA1FD4 /* Debug */ = {
			isa = XCBuildConfiguration;
			buildSettings = {
				ASSETCATALOG_COMPILER_APPICON_NAME = AppIcon;
				DEVELOPMENT_TEAM = 5825K998Y5;
				INFOPLIST_FILE = Eshara2/Info.plist;
				LD_RUNPATH_SEARCH_PATHS = "$(inherited) @executable_path/Frameworks";
				PRODUCT_BUNDLE_IDENTIFIER = "Tamara-Nagui.Eshara2";
				PRODUCT_NAME = "$(TARGET_NAME)";
				SWIFT_VERSION = 3.0;
			};
			name = Debug;
		};
		3232A0361F2EA0B800EA1FD4 /* Release */ = {
			isa = XCBuildConfiguration;
			buildSettings = {
				ASSETCATALOG_COMPILER_APPICON_NAME = AppIcon;
				DEVELOPMENT_TEAM = 5825K998Y5;
				INFOPLIST_FILE = Eshara2/Info.plist;
				LD_RUNPATH_SEARCH_PATHS = "$(inherited) @executable_path/Frameworks";
				PRODUCT_BUNDLE_IDENTIFIER = "Tamara-Nagui.Eshara2";
				PRODUCT_NAME = "$(TARGET_NAME)";
				SWIFT_VERSION = 3.0;
			};
			name = Release;
		};
		3232A0381F2EA0B800EA1FD4 /* Debug */ = {
			isa = XCBuildConfiguration;
			buildSettings = {
				ALWAYS_EMBED_SWIFT_STANDARD_LIBRARIES = YES;
				BUNDLE_LOADER = "$(TEST_HOST)";
				DEVELOPMENT_TEAM = 5825K998Y5;
				INFOPLIST_FILE = Eshara2Tests/Info.plist;
				LD_RUNPATH_SEARCH_PATHS = "$(inherited) @executable_path/Frameworks @loader_path/Frameworks";
				PRODUCT_BUNDLE_IDENTIFIER = "Tamara-Nagui.Eshara2Tests";
				PRODUCT_NAME = "$(TARGET_NAME)";
				SWIFT_VERSION = 3.0;
				TEST_HOST = "$(BUILT_PRODUCTS_DIR)/Eshara2.app/Eshara2";
			};
			name = Debug;
		};
		3232A0391F2EA0B800EA1FD4 /* Release */ = {
			isa = XCBuildConfiguration;
			buildSettings = {
				ALWAYS_EMBED_SWIFT_STANDARD_LIBRARIES = YES;
				BUNDLE_LOADER = "$(TEST_HOST)";
				DEVELOPMENT_TEAM = 5825K998Y5;
				INFOPLIST_FILE = Eshara2Tests/Info.plist;
				LD_RUNPATH_SEARCH_PATHS = "$(inherited) @executable_path/Frameworks @loader_path/Frameworks";
				PRODUCT_BUNDLE_IDENTIFIER = "Tamara-Nagui.Eshara2Tests";
				PRODUCT_NAME = "$(TARGET_NAME)";
				SWIFT_VERSION = 3.0;
				TEST_HOST = "$(BUILT_PRODUCTS_DIR)/Eshara2.app/Eshara2";
			};
			name = Release;
		};
		3232A03B1F2EA0B800EA1FD4 /* Debug */ = {
			isa = XCBuildConfiguration;
			buildSettings = {
				ALWAYS_EMBED_SWIFT_STANDARD_LIBRARIES = YES;
				DEVELOPMENT_TEAM = 5825K998Y5;
				INFOPLIST_FILE = Eshara2UITests/Info.plist;
				LD_RUNPATH_SEARCH_PATHS = "$(inherited) @executable_path/Frameworks @loader_path/Frameworks";
				PRODUCT_BUNDLE_IDENTIFIER = "Tamara-Nagui.Eshara2UITests";
				PRODUCT_NAME = "$(TARGET_NAME)";
				SWIFT_VERSION = 3.0;
				TEST_TARGET_NAME = Eshara2;
			};
			name = Debug;
		};
		3232A03C1F2EA0B800EA1FD4 /* Release */ = {
			isa = XCBuildConfiguration;
			buildSettings = {
				ALWAYS_EMBED_SWIFT_STANDARD_LIBRARIES = YES;
				DEVELOPMENT_TEAM = 5825K998Y5;
				INFOPLIST_FILE = Eshara2UITests/Info.plist;
				LD_RUNPATH_SEARCH_PATHS = "$(inherited) @executable_path/Frameworks @loader_path/Frameworks";
				PRODUCT_BUNDLE_IDENTIFIER = "Tamara-Nagui.Eshara2UITests";
				PRODUCT_NAME = "$(TARGET_NAME)";
				SWIFT_VERSION = 3.0;
				TEST_TARGET_NAME = Eshara2;
			};
			name = Release;
		};
/* End XCBuildConfiguration section */

/* Begin XCConfigurationList section */
		3232A0041F2EA0B700EA1FD4 /* Build configuration list for PBXProject "Eshara2" */ = {
			isa = XCConfigurationList;
			buildConfigurations = (
				3232A0321F2EA0B800EA1FD4 /* Debug */,
				3232A0331F2EA0B800EA1FD4 /* Release */,
			);
			defaultConfigurationIsVisible = 0;
			defaultConfigurationName = Release;
		};
		3232A0341F2EA0B800EA1FD4 /* Build configuration list for PBXNativeTarget "Eshara2" */ = {
			isa = XCConfigurationList;
			buildConfigurations = (
				3232A0351F2EA0B800EA1FD4 /* Debug */,
				3232A0361F2EA0B800EA1FD4 /* Release */,
			);
			defaultConfigurationIsVisible = 0;
		};
		3232A0371F2EA0B800EA1FD4 /* Build configuration list for PBXNativeTarget "Eshara2Tests" */ = {
			isa = XCConfigurationList;
			buildConfigurations = (
				3232A0381F2EA0B800EA1FD4 /* Debug */,
				3232A0391F2EA0B800EA1FD4 /* Release */,
			);
			defaultConfigurationIsVisible = 0;
		};
		3232A03A1F2EA0B800EA1FD4 /* Build configuration list for PBXNativeTarget "Eshara2UITests" */ = {
			isa = XCConfigurationList;
			buildConfigurations = (
				3232A03B1F2EA0B800EA1FD4 /* Debug */,
				3232A03C1F2EA0B800EA1FD4 /* Release */,
			);
			defaultConfigurationIsVisible = 0;
		};
/* End XCConfigurationList section */

/* Begin XCVersionGroup section */
		3232A0131F2EA0B700EA1FD4 /* Eshara2.xcdatamodeld */ = {
			isa = XCVersionGroup;
			children = (
				3232A0141F2EA0B700EA1FD4 /* Eshara2.xcdatamodel */,
			);
			currentVersion = 3232A0141F2EA0B700EA1FD4 /* Eshara2.xcdatamodel */;
			path = Eshara2.xcdatamodeld;
			sourceTree = "<group>";
			versionGroupType = wrapper.xcdatamodel;
		};
/* End XCVersionGroup section */
	};
	rootObject = 3232A0011F2EA0B700EA1FD4 /* Project object */;
}
